
Microsoft Visual Studio Solution File, Format Version 12.00
# Visual Studio Version 17
VisualStudioVersion = 17.7.34221.43
MinimumVisualStudioVersion = 10.0.40219.1
Project("{FAE04EC0-301F-11D3-BF4B-00C04F79EFBC}") = "3 problems in LeetCode", "3 problems in LeetCode\3 problems in LeetCode.csproj", "{BE8E763C-8D79-4CB3-81B3-A8BC962C8655}"
EndProject
Global
	GlobalSection(SolutionConfigurationPlatforms) = preSolution
		Debug|Any CPU = Debug|Any CPU
		Release|Any CPU = Release|Any CPU
	EndGlobalSection
	GlobalSection(ProjectConfigurationPlatforms) = postSolution
		{BE8E763C-8D79-4CB3-81B3-A8BC962C8655}.Debug|Any CPU.ActiveCfg = Debug|Any CPU
		{BE8E763C-8D79-4CB3-81B3-A8BC962C8655}.Debug|Any CPU.Build.0 = Debug|Any CPU
		{BE8E763C-8D79-4CB3-81B3-A8BC962C8655}.Release|Any CPU.ActiveCfg = Release|Any CPU
		{BE8E763C-8D79-4CB3-81B3-A8BC962C8655}.Release|Any CPU.Build.0 = Release|Any CPU
	EndGlobalSection
	GlobalSection(SolutionProperties) = preSolution
		HideSolutionNode = FALSE
	EndGlobalSection
	GlobalSection(ExtensibilityGlobals) = postSolution
		SolutionGuid = {480D4CA4-931D-49C6-8B23-F4F34C578517}
	EndGlobalSection
EndGlobal
